
Microsoft Visual Studio Solution File, Format Version 12.00
# Visual Studio 15
VisualStudioVersion = 15.0.28307.1062
MinimumVisualStudioVersion = 10.0.40219.1
Project("{8BC9CEB8-8B4A-11D0-8D11-00A0C91BC942}") = "TSCP", "TSCP\TSCP.vcxproj", "{52C9D2D4-7EC6-4B03-A61C-868ED1C40FEB}"
EndProject
Global
	GlobalSection(SolutionConfigurationPlatforms) = preSolution
		Debug|x64 = Debug|x64
		Debug|x86 = Debug|x86
		Release|x64 = Release|x64
		Release|x86 = Release|x86
	EndGlobalSection
	GlobalSection(ProjectConfigurationPlatforms) = postSolution
		{52C9D2D4-7EC6-4B03-A61C-868ED1C40FEB}.Debug|x64.ActiveCfg = Debug|x64
		{52C9D2D4-7EC6-4B03-A61C-868ED1C40FEB}.Debug|x64.Build.0 = Debug|x64
		{52C9D2D4-7EC6-4B03-A61C-868ED1C40FEB}.Debug|x86.ActiveCfg = Debug|Win32
		{52C9D2D4-7EC6-4B03-A61C-868ED1C40FEB}.Debug|x86.Build.0 = Debug|Win32
		{52C9D2D4-7EC6-4B03-A61C-868ED1C40FEB}.Release|x64.ActiveCfg = Release|x64
		{52C9D2D4-7EC6-4B03-A61C-868ED1C40FEB}.Release|x64.Build.0 = Release|x64
		{52C9D2D4-7EC6-4B03-A61C-868ED1C40FEB}.Release|x86.ActiveCfg = Release|Win32
		{52C9D2D4-7EC6-4B03-A61C-868ED1C40FEB}.Release|x86.Build.0 = Release|Win32
	EndGlobalSection
	GlobalSection(SolutionProperties) = preSolution
		HideSolutionNode = FALSE
	EndGlobalSection
	GlobalSection(ExtensibilityGlobals) = postSolution
		SolutionGuid = {02C42F5E-B6BB-46E9-826E-0A49D3B60E39}
	EndGlobalSection
EndGlobal
